<?xml version="1.0" encoding="utf-8"?>
<Project ToolsVersion="4.0" xmlns="http://schemas.microsoft.com/developer/msbuild/2003">
  <ItemGroup>
    <Filter Include="Fichiers sources">
      <UniqueIdentifier>{4FC737F1-C7A5-4376-A066-2A32D752A2FF}</UniqueIdentifier>
      <Extensions>cpp;c;cc;cxx;def;odl;idl;hpj;bat;asm;asmx</Extensions>
    </Filter>
    <Filter Include="Fichiers d%27en-tête">
      <UniqueIdentifier>{93995380-89BD-4b04-88EB-625FBE52EBFB}</UniqueIdentifier>
      <Extensions>h;hh;hpp;hxx;hm;inl;inc;xsd</Extensions>
    </Filter>
    <Filter Include="Fichiers de ressources">
      <UniqueIdentifier>{67DA6AB6-F800-4c08-8B7A-83BB121AAD01}</UniqueIdentifier>
      <Extensions>rc;ico;cur;bmp;dlg;rc2;rct;bin;rgs;gif;jpg;jpeg;jpe;resx;tiff;tif;png;wav;mfcribbon-ms</Extensions>
    </Filter>
    <Filter Include="Fichiers sources\Render">
      <UniqueIdentifier>{4da470c8-3e12-473a-873b-b6f5df7a2b67}</UniqueIdentifier>
    </Filter>
    <Filter Include="Fichiers d%27en-tête\Render">
      <UniqueIdentifier>{d9f0fae0-fd4c-4f2b-9a95-7bbf54e869ae}</UniqueIdentifier>
    </Filter>
    <Filter Include="Fichiers d%27en-tête\Binder">
      <UniqueIdentifier>{c512d9d7-fc07-4fdd-b72b-9a5c59ddcfa9}</UniqueIdentifier>
    </Filter>
    <Filter Include="Fichiers d%27en-tête\ManagerStatic">
      <UniqueIdentifier>{17b2ef4a-f47c-40c7-89ec-ccfd5d23286e}</UniqueIdentifier>
    </Filter>
    <Filter Include="Fichiers sources\ManagerStatic">
      <UniqueIdentifier>{ed81f1df-59bb-4567-98a3-125365879817}</UniqueIdentifier>
    </Filter>
    <Filter Include="Fichiers sources\Utils">
      <UniqueIdentifier>{cc01bbed-e746-4b1e-8e68-324fde0d71a0}</UniqueIdentifier>
    </Filter>
    <Filter Include="Fichiers d%27en-tête\Utils">
      <UniqueIdentifier>{10b939c6-1e49-4785-a0db-59db33146bfb}</UniqueIdentifier>
    </Filter>
    <Filter Include="Fichiers d%27en-tête\GameObject">
      <UniqueIdentifier>{85a10493-0653-4548-bfed-cb3cb9e6ec7b}</UniqueIdentifier>
    </Filter>
    <Filter Include="Fichiers d%27en-tête\GameObject\ComponentHeader">
      <UniqueIdentifier>{4495a962-0be9-4789-89ef-8fa289122242}</UniqueIdentifier>
    </Filter>
    <Filter Include="Fichiers sources\GameObject">
      <UniqueIdentifier>{e54cb6b9-db66-4378-a0a3-7fa5082b37c6}</UniqueIdentifier>
    </Filter>
    <Filter Include="Fichiers d%27en-tête\GameObject\RenderComponent">
      <UniqueIdentifier>{e2e74928-a467-4512-8e6c-8f26d15485e4}</UniqueIdentifier>
    </Filter>
    <Filter Include="Fichiers sources\GameObject\RenderComponent">
      <UniqueIdentifier>{f8ad2e8e-8469-427a-8b3a-5149fbd76730}</UniqueIdentifier>
    </Filter>
  </ItemGroup>
  <ItemGroup>
    <ClCompile Include="Main.cpp">
      <Filter>Fichiers sources</Filter>
    </ClCompile>
    <ClCompile Include="GameLoop.cpp">
      <Filter>Fichiers sources</Filter>
    </ClCompile>
    <ClCompile Include="Camera.cpp">
      <Filter>Fichiers sources\Render</Filter>
    </ClCompile>
    <ClCompile Include="InputManager.cpp">
      <Filter>Fichiers sources\ManagerStatic</Filter>
    </ClCompile>
    <ClCompile Include="Map.cpp">
      <Filter>Fichiers sources\Render</Filter>
    </ClCompile>
    <ClCompile Include="Time.cpp">
      <Filter>Fichiers sources\Utils</Filter>
    </ClCompile>
    <ClCompile Include="common\EsgiShader.cpp">
      <Filter>Fichiers sources\Render</Filter>
    </ClCompile>
    <ClCompile Include="Landmark.cpp">
      <Filter>Fichiers sources\Render</Filter>
    </ClCompile>
    <ClCompile Include="GUI.cpp">
      <Filter>Fichiers sources\Render</Filter>
    </ClCompile>
    <ClCompile Include="WindowEvent.cpp">
      <Filter>Fichiers sources\ManagerStatic</Filter>
    </ClCompile>
    <ClCompile Include="tinyobjLoader\tiny_obj_loader.cc">
      <Filter>Fichiers sources\Utils</Filter>
    </ClCompile>
    <ClCompile Include="LoaderObj.cpp">
      <Filter>Fichiers sources\Utils</Filter>
    </ClCompile>
    <ClCompile Include="Skybox.cpp">
      <Filter>Fichiers sources\Render</Filter>
    </ClCompile>
    <ClCompile Include="Scene.cpp">
      <Filter>Fichiers sources</Filter>
    </ClCompile>
    <ClCompile Include="GameObject.cpp">
      <Filter>Fichiers sources\GameObject</Filter>
    </ClCompile>
    <ClCompile Include="Render.cpp">
      <Filter>Fichiers sources\GameObject\RenderComponent</Filter>
    </ClCompile>
    <ClCompile Include="Mesh.cpp">
      <Filter>Fichiers sources\GameObject\RenderComponent</Filter>
    </ClCompile>
    <ClCompile Include="Material.cpp">
      <Filter>Fichiers sources</Filter>
    </ClCompile>
  </ItemGroup>
  <ItemGroup>
    <ClInclude Include="GameLoop.h">
      <Filter>Fichiers d%27en-tête</Filter>
    </ClInclude>
    <ClInclude Include="Camera.h">
      <Filter>Fichiers d%27en-tête\Render</Filter>
    </ClInclude>
    <ClInclude Include="RenderDataBinder.h">
      <Filter>Fichiers d%27en-tête\Binder</Filter>
    </ClInclude>
    <ClInclude Include="InputManager.h">
      <Filter>Fichiers d%27en-tête\ManagerStatic</Filter>
    </ClInclude>
    <ClInclude Include="Map.h">
      <Filter>Fichiers d%27en-tête\Render</Filter>
    </ClInclude>
    <ClInclude Include="KeyState.h">
      <Filter>Fichiers d%27en-tête\Binder</Filter>
    </ClInclude>
    <ClInclude Include="Mouse.h">
      <Filter>Fichiers d%27en-tête\Binder</Filter>
    </ClInclude>
    <ClInclude Include="Button.h">
      <Filter>Fichiers d%27en-tête\Binder</Filter>
    </ClInclude>
    <ClInclude Include="Time.h">
      <Filter>Fichiers d%27en-tête\Utils</Filter>
    </ClInclude>
    <ClInclude Include="common\EsgiShader.h">
      <Filter>Fichiers d%27en-tête\Render</Filter>
    </ClInclude>
    <ClInclude Include="Landmark.h">
      <Filter>Fichiers d%27en-tête\Render</Filter>
    </ClInclude>
    <ClInclude Include="GUI.h">
      <Filter>Fichiers d%27en-tête\Render</Filter>
    </ClInclude>
    <ClInclude Include="WindowEvent.h">
      <Filter>Fichiers d%27en-tête\ManagerStatic</Filter>
    </ClInclude>
    <ClInclude Include="tinyobjLoader\tiny_obj_loader.h">
      <Filter>Fichiers d%27en-tête\Utils</Filter>
    </ClInclude>
    <ClInclude Include="LoaderObj.h">
      <Filter>Fichiers d%27en-tête\Utils</Filter>
    </ClInclude>
    <ClInclude Include="Skybox.h">
      <Filter>Fichiers d%27en-tête\Render</Filter>
    </ClInclude>
    <ClInclude Include="Scene.h">
      <Filter>Fichiers d%27en-tête</Filter>
    </ClInclude>
    <ClInclude Include="RenderComponent.h">
      <Filter>Fichiers d%27en-tête\GameObject\ComponentHeader</Filter>
    </ClInclude>
    <ClInclude Include="PhysicComponent.h">
      <Filter>Fichiers d%27en-tête\GameObject\ComponentHeader</Filter>
    </ClInclude>
    <ClInclude Include="LogicComponent.h">
      <Filter>Fichiers d%27en-tête\GameObject\ComponentHeader</Filter>
    </ClInclude>
    <ClInclude Include="Component.h">
      <Filter>Fichiers d%27en-tête\GameObject\ComponentHeader</Filter>
    </ClInclude>
    <ClInclude Include="ComponentType.h">
      <Filter>Fichiers d%27en-tête</Filter>
    </ClInclude>
    <ClInclude Include="Transform.h">
      <Filter>Fichiers d%27en-tête\GameObject</Filter>
    </ClInclude>
    <ClInclude Include="GameObject.h">
      <Filter>Fichiers d%27en-tête\GameObject</Filter>
    </ClInclude>
    <ClInclude Include="Render.h">
      <Filter>Fichiers d%27en-tête\GameObject\RenderComponent</Filter>
    </ClInclude>
    <ClInclude Include="Mesh.h">
      <Filter>Fichiers d%27en-tête\GameObject\RenderComponent</Filter>
    </ClInclude>
    <ClInclude Include="Material.h">
      <Filter>Fichiers d%27en-tête</Filter>
    </ClInclude>
  </ItemGroup>
</Project>